
Microsoft Visual Studio Solution File, Format Version 12.00
# Visual Studio Version 16
VisualStudioVersion = 16.0.29102.190
MinimumVisualStudioVersion = 10.0.40219.1
Project("{888888A0-9F3D-457C-B088-3A5042F75D52}") = "Python-GuessTheNumber", "Python-GuessTheNumber.pyproj", "{E1DFA0FA-5F1C-442D-99FE-EF28D9E3DF21}"
EndProject
Global
	GlobalSection(SolutionConfigurationPlatforms) = preSolution
		Debug|Any CPU = Debug|Any CPU
		Release|Any CPU = Release|Any CPU
	EndGlobalSection
	GlobalSection(ProjectConfigurationPlatforms) = postSolution
		{E1DFA0FA-5F1C-442D-99FE-EF28D9E3DF21}.Debug|Any CPU.ActiveCfg = Debug|Any CPU
		{E1DFA0FA-5F1C-442D-99FE-EF28D9E3DF21}.Release|Any CPU.ActiveCfg = Release|Any CPU
	EndGlobalSection
	GlobalSection(SolutionProperties) = preSolution
		HideSolutionNode = FALSE
	EndGlobalSection
	GlobalSection(ExtensibilityGlobals) = postSolution
		SolutionGuid = {8E0383A6-D7AA-4529-B3D7-55B417E96A8B}
	EndGlobalSection
EndGlobal
